// !$*UTF8*$!
{
	archiveVersion = 1;
	classes = {
	};
	objectVersion = 46;
	objects = {

/* Begin PBXBuildFile section */
		84095F9A1D5853D400CA6EBC /* main.m in Sources */ = {isa = PBXBuildFile; fileRef = 84095F991D5853D400CA6EBC /* main.m */; };
		84095F9D1D5853D400CA6EBC /* AppDelegate.m in Sources */ = {isa = PBXBuildFile; fileRef = 84095F9C1D5853D400CA6EBC /* AppDelegate.m */; };
		84095FA01D5853D400CA6EBC /* ViewController.m in Sources */ = {isa = PBXBuildFile; fileRef = 84095F9F1D5853D400CA6EBC /* ViewController.m */; };
		84095FA31D5853D400CA6EBC /* Main.storyboard in Resources */ = {isa = PBXBuildFile; fileRef = 84095FA11D5853D400CA6EBC /* Main.storyboard */; };
		84095FA51D5853D400CA6EBC /* Assets.xcassets in Resources */ = {isa = PBXBuildFile; fileRef = 84095FA41D5853D400CA6EBC /* Assets.xcassets */; };
		84095FA81D5853D400CA6EBC /* LaunchScreen.storyboard in Resources */ = {isa = PBXBuildFile; fileRef = 84095FA61D5853D400CA6EBC /* LaunchScreen.storyboard */; };
		84095FB31D5853D400CA6EBC /* StickyView_TableView_DemoTests.m in Sources */ = {isa = PBXBuildFile; fileRef = 84095FB21D5853D400CA6EBC /* StickyView_TableView_DemoTests.m */; };
		84095FBE1D5853D400CA6EBC /* StickyView_TableView_DemoUITests.m in Sources */ = {isa = PBXBuildFile; fileRef = 84095FBD1D5853D400CA6EBC /* StickyView_TableView_DemoUITests.m */; };
/* End PBXBuildFile section */

/* Begin PBXContainerItemProxy section */
		84095FAF1D5853D400CA6EBC /* PBXContainerItemProxy */ = {
			isa = PBXContainerItemProxy;
			containerPortal = 84095F8D1D5853D400CA6EBC /* Project object */;
			proxyType = 1;
			remoteGlobalIDString = 84095F941D5853D400CA6EBC;
			remoteInfo = StickyView_TableView_Demo;
		};
		84095FBA1D5853D400CA6EBC /* PBXContainerItemProxy */ = {
			isa = PBXContainerItemProxy;
			containerPortal = 84095F8D1D5853D400CA6EBC /* Project object */;
			proxyType = 1;
			remoteGlobalIDString = 84095F941D5853D400CA6EBC;
			remoteInfo = StickyView_TableView_Demo;
		};
/* End PBXContainerItemProxy section */

/* Begin PBXFileReference section */
		84095F951D5853D400CA6EBC /* StickyView_TableView_Demo.app */ = {isa = PBXFileReference; explicitFileType = wrapper.application; includeInIndex = 0; path = StickyView_TableView_Demo.app; sourceTree = BUILT_PRODUCTS_DIR; };
		84095F991D5853D400CA6EBC /* main.m */ = {isa = PBXFileReference; lastKnownFileType = sourcecode.c.objc; path = main.m; sourceTree = "<group>"; };
		84095F9B1D5853D400CA6EBC /* AppDelegate.h */ = {isa = PBXFileReference; lastKnownFileType = sourcecode.c.h; path = AppDelegate.h; sourceTree = "<group>"; };
		84095F9C1D5853D400CA6EBC /* AppDelegate.m */ = {isa = PBXFileReference; lastKnownFileType = sourcecode.c.objc; path = AppDelegate.m; sourceTree = "<group>"; };
		84095F9E1D5853D400CA6EBC /* ViewController.h */ = {isa = PBXFileReference; lastKnownFileType = sourcecode.c.h; path = ViewController.h; sourceTree = "<group>"; };
		84095F9F1D5853D400CA6EBC /* ViewController.m */ = {isa = PBXFileReference; lastKnownFileType = sourcecode.c.objc; path = ViewController.m; sourceTree = "<group>"; };
		84095FA21D5853D400CA6EBC /* Base */ = {isa = PBXFileReference; lastKnownFileType = file.storyboard; name = Base; path = Base.lproj/Main.storyboard; sourceTree = "<group>"; };
		84095FA41D5853D400CA6EBC /* Assets.xcassets */ = {isa = PBXFileReference; lastKnownFileType = folder.assetcatalog; path = Assets.xcassets; sourceTree = "<group>"; };
		84095FA71D5853D400CA6EBC /* Base */ = {isa = PBXFileReference; lastKnownFileType = file.storyboard; name = Base; path = Base.lproj/LaunchScreen.storyboard; sourceTree = "<group>"; };
		84095FA91D5853D400CA6EBC /* Info.plist */ = {isa = PBXFileReference; lastKnownFileType = text.plist.xml; path = Info.plist; sourceTree = "<group>"; };
		84095FAE1D5853D400CA6EBC /* StickyView_TableView_DemoTests.xctest */ = {isa = PBXFileReference; explicitFileType = wrapper.cfbundle; includeInIndex = 0; path = StickyView_TableView_DemoTests.xctest; sourceTree = BUILT_PRODUCTS_DIR; };
		84095FB21D5853D400CA6EBC /* StickyView_TableView_DemoTests.m */ = {isa = PBXFileReference; lastKnownFileType = sourcecode.c.objc; path = StickyView_TableView_DemoTests.m; sourceTree = "<group>"; };
		84095FB41D5853D400CA6EBC /* Info.plist */ = {isa = PBXFileReference; lastKnownFileType = text.plist.xml; path = Info.plist; sourceTree = "<group>"; };
		84095FB91D5853D400CA6EBC /* StickyView_TableView_DemoUITests.xctest */ = {isa = PBXFileReference; explicitFileType = wrapper.cfbundle; includeInIndex = 0; path = StickyView_TableView_DemoUITests.xctest; sourceTree = BUILT_PRODUCTS_DIR; };
		84095FBD1D5853D400CA6EBC /* StickyView_TableView_DemoUITests.m */ = {isa = PBXFileReference; lastKnownFileType = sourcecode.c.objc; path = StickyView_TableView_DemoUITests.m; sourceTree = "<group>"; };
		84095FBF1D5853D400CA6EBC /* Info.plist */ = {isa = PBXFileReference; lastKnownFileType = text.plist.xml; path = Info.plist; sourceTree = "<group>"; };
/* End PBXFileReference section */

/* Begin PBXFrameworksBuildPhase section */
		84095F921D5853D400CA6EBC /* Frameworks */ = {
			isa = PBXFrameworksBuildPhase;
			buildActionMask = 2147483647;
			files = (
			);
			runOnlyForDeploymentPostprocessing = 0;
		};
		84095FAB1D5853D400CA6EBC /* Frameworks */ = {
			isa = PBXFrameworksBuildPhase;
			buildActionMask = 2147483647;
			files = (
			);
			runOnlyForDeploymentPostprocessing = 0;
		};
		84095FB61D5853D400CA6EBC /* Frameworks */ = {
			isa = PBXFrameworksBuildPhase;
			buildActionMask = 2147483647;
			files = (
			);
			runOnlyForDeploymentPostprocessing = 0;
		};
/* End PBXFrameworksBuildPhase section */

/* Begin PBXGroup section */
		84095F8C1D5853D400CA6EBC = {
			isa = PBXGroup;
			children = (
				84095F971D5853D400CA6EBC /* StickyView_TableView_Demo */,
				84095FB11D5853D400CA6EBC /* StickyView_TableView_DemoTests */,
				84095FBC1D5853D400CA6EBC /* StickyView_TableView_DemoUITests */,
				84095F961D5853D400CA6EBC /* Products */,
			);
			sourceTree = "<group>";
		};
		84095F961D5853D400CA6EBC /* Products */ = {
			isa = PBXGroup;
			children = (
				84095F951D5853D400CA6EBC /* StickyView_TableView_Demo.app */,
				84095FAE1D5853D400CA6EBC /* StickyView_TableView_DemoTests.xctest */,
				84095FB91D5853D400CA6EBC /* StickyView_TableView_DemoUITests.xctest */,
			);
			name = Products;
			sourceTree = "<group>";
		};
		84095F971D5853D400CA6EBC /* StickyView_TableView_Demo */ = {
			isa = PBXGroup;
			children = (
				84095F9B1D5853D400CA6EBC /* AppDelegate.h */,
				84095F9C1D5853D400CA6EBC /* AppDelegate.m */,
				84095F9E1D5853D400CA6EBC /* ViewController.h */,
				84095F9F1D5853D400CA6EBC /* ViewController.m */,
				84095FA11D5853D400CA6EBC /* Main.storyboard */,
				84095FA41D5853D400CA6EBC /* Assets.xcassets */,
				84095FA61D5853D400CA6EBC /* LaunchScreen.storyboard */,
				84095FA91D5853D400CA6EBC /* Info.plist */,
				84095F981D5853D400CA6EBC /* Supporting Files */,
			);
			path = StickyView_TableView_Demo;
			sourceTree = "<group>";
		};
		84095F981D5853D400CA6EBC /* Supporting Files */ = {
			isa = PBXGroup;
			children = (
				84095F991D5853D400CA6EBC /* main.m */,
			);
			name = "Supporting Files";
			sourceTree = "<group>";
		};
		84095FB11D5853D400CA6EBC /* StickyView_TableView_DemoTests */ = {
			isa = PBXGroup;
			children = (
				84095FB21D5853D400CA6EBC /* StickyView_TableView_DemoTests.m */,
				84095FB41D5853D400CA6EBC /* Info.plist */,
			);
			path = StickyView_TableView_DemoTests;
			sourceTree = "<group>";
		};
		84095FBC1D5853D400CA6EBC /* StickyView_TableView_DemoUITests */ = {
			isa = PBXGroup;
			children = (
				84095FBD1D5853D400CA6EBC /* StickyView_TableView_DemoUITests.m */,
				84095FBF1D5853D400CA6EBC /* Info.plist */,
			);
			path = StickyView_TableView_DemoUITests;
			sourceTree = "<group>";
		};
/* End PBXGroup section */

/* Begin PBXNativeTarget section */
		84095F941D5853D400CA6EBC /* StickyView_TableView_Demo */ = {
			isa = PBXNativeTarget;
			buildConfigurationList = 84095FC21D5853D400CA6EBC /* Build configuration list for PBXNativeTarget "StickyView_TableView_Demo" */;
			buildPhases = (
				84095F911D5853D400CA6EBC /* Sources */,
				84095F921D5853D400CA6EBC /* Frameworks */,
				84095F931D5853D400CA6EBC /* Resources */,
			);
			buildRules = (
			);
			dependencies = (
			);
			name = StickyView_TableView_Demo;
			productName = StickyView_TableView_Demo;
			productReference = 84095F951D5853D400CA6EBC /* StickyView_TableView_Demo.app */;
			productType = "com.apple.product-type.application";
		};
		84095FAD1D5853D400CA6EBC /* StickyView_TableView_DemoTests */ = {
			isa = PBXNativeTarget;
			buildConfigurationList = 84095FC51D5853D400CA6EBC /* Build configuration list for PBXNativeTarget "StickyView_TableView_DemoTests" */;
			buildPhases = (
				84095FAA1D5853D400CA6EBC /* Sources */,
				84095FAB1D5853D400CA6EBC /* Frameworks */,
				84095FAC1D5853D400CA6EBC /* Resources */,
			);
			buildRules = (
			);
			dependencies = (
				84095FB01D5853D400CA6EBC /* PBXTargetDependency */,
			);
			name = StickyView_TableView_DemoTests;
			productName = StickyView_TableView_DemoTests;
			productReference = 84095FAE1D5853D400CA6EBC /* StickyView_TableView_DemoTests.xctest */;
			productType = "com.apple.product-type.bundle.unit-test";
		};
		84095FB81D5853D400CA6EBC /* StickyView_TableView_DemoUITests */ = {
			isa = PBXNativeTarget;
			buildConfigurationList = 84095FC81D5853D400CA6EBC /* Build configuration list for PBXNativeTarget "StickyView_TableView_DemoUITests" */;
			buildPhases = (
				84095FB51D5853D400CA6EBC /* Sources */,
				84095FB61D5853D400CA6EBC /* Frameworks */,
				84095FB71D5853D400CA6EBC /* Resources */,
			);
			buildRules = (
			);
			dependencies = (
				84095FBB1D5853D400CA6EBC /* PBXTargetDependency */,
			);
			name = StickyView_TableView_DemoUITests;
			productName = StickyView_TableView_DemoUITests;
			productReference = 84095FB91D5853D400CA6EBC /* StickyView_TableView_DemoUITests.xctest */;
			productType = "com.apple.product-type.bundle.ui-testing";
		};
/* End PBXNativeTarget section */

/* Begin PBXProject section */
		84095F8D1D5853D400CA6EBC /* Project object */ = {
			isa = PBXProject;
			attributes = {
				LastUpgradeCheck = 0730;
				ORGANIZATIONNAME = AlezJi;
				TargetAttributes = {
					84095F941D5853D400CA6EBC = {
						CreatedOnToolsVersion = 7.3.1;
						DevelopmentTeam = 7UD65F8GWP;
					};
					84095FAD1D5853D400CA6EBC = {
						CreatedOnToolsVersion = 7.3.1;
						DevelopmentTeam = 7UD65F8GWP;
						TestTargetID = 84095F941D5853D400CA6EBC;
					};
					84095FB81D5853D400CA6EBC = {
						CreatedOnToolsVersion = 7.3.1;
						DevelopmentTeam = 7UD65F8GWP;
						TestTargetID = 84095F941D5853D400CA6EBC;
					};
				};
			};
			buildConfigurationList = 84095F901D5853D400CA6EBC /* Build configuration list for PBXProject "StickyView_TableView_Demo" */;
			compatibilityVersion = "Xcode 3.2";
			developmentRegion = English;
			hasScannedForEncodings = 0;
			knownRegions = (
				en,
				Base,
			);
			mainGroup = 84095F8C1D5853D400CA6EBC;
			productRefGroup = 84095F961D5853D400CA6EBC /* Products */;
			projectDirPath = "";
			projectRoot = "";
			targets = (
				84095F941D5853D400CA6EBC /* StickyView_TableView_Demo */,
				84095FAD1D5853D400CA6EBC /* StickyView_TableView_DemoTests */,
				84095FB81D5853D400CA6EBC /* StickyView_TableView_DemoUITests */,
			);
		};
/* End PBXProject section */

/* Begin PBXResourcesBuildPhase section */
		84095F931D5853D400CA6EBC /* Resources */ = {
			isa = PBXResourcesBuildPhase;
			buildActionMask = 2147483647;
			files = (
				84095FA81D5853D400CA6EBC /* LaunchScreen.storyboard in Resources */,
				84095FA51D5853D400CA6EBC /* Assets.xcassets in Resources */,
				84095FA31D5853D400CA6EBC /* Main.storyboard in Resources */,
			);
			runOnlyForDeploymentPostprocessing = 0;
		};
		84095FAC1D5853D400CA6EBC /* Resources */ = {
			isa = PBXResourcesBuildPhase;
			buildActionMask = 2147483647;
			files = (
			);
			runOnlyForDeploymentPostprocessing = 0;
		};
		84095FB71D5853D400CA6EBC /* Resources */ = {
			isa = PBXResourcesBuildPhase;
			buildActionMask = 2147483647;
			files = (
			);
			runOnlyForDeploymentPostprocessing = 0;
		};
/* End PBXResourcesBuildPhase section */

/* Begin PBXSourcesBuildPhase section */
		84095F911D5853D400CA6EBC /* Sources */ = {
			isa = PBXSourcesBuildPhase;
			buildActionMask = 2147483647;
			files = (
				84095FA01D5853D400CA6EBC /* ViewController.m in Sources */,
				84095F9D1D5853D400CA6EBC /* AppDelegate.m in Sources */,
				84095F9A1D5853D400CA6EBC /* main.m in Sources */,
			);
			runOnlyForDeploymentPostprocessing = 0;
		};
		84095FAA1D5853D400CA6EBC /* Sources */ = {
			isa = PBXSourcesBuildPhase;
			buildActionMask = 2147483647;
			files = (
				84095FB31D5853D400CA6EBC /* StickyView_TableView_DemoTests.m in Sources */,
			);
			runOnlyForDeploymentPostprocessing = 0;
		};
		84095FB51D5853D400CA6EBC /* Sources */ = {
			isa = PBXSourcesBuildPhase;
			buildActionMask = 2147483647;
			files = (
				84095FBE1D5853D400CA6EBC /* StickyView_TableView_DemoUITests.m in Sources */,
			);
			runOnlyForDeploymentPostprocessing = 0;
		};
/* End PBXSourcesBuildPhase section */

/* Begin PBXTargetDependency section */
		84095FB01D5853D400CA6EBC /* PBXTargetDependency */ = {
			isa = PBXTargetDependency;
			target = 84095F941D5853D400CA6EBC /* StickyView_TableView_Demo */;
			targetProxy = 84095FAF1D5853D400CA6EBC /* PBXContainerItemProxy */;
		};
		84095FBB1D5853D400CA6EBC /* PBXTargetDependency */ = {
			isa = PBXTargetDependency;
			target = 84095F941D5853D400CA6EBC /* StickyView_TableView_Demo */;
			targetProxy = 84095FBA1D5853D400CA6EBC /* PBXContainerItemProxy */;
		};
/* End PBXTargetDependency section */

/* Begin PBXVariantGroup section */
		84095FA11D5853D400CA6EBC /* Main.storyboard */ = {
			isa = PBXVariantGroup;
			children = (
				84095FA21D5853D400CA6EBC /* Base */,
			);
			name = Main.storyboard;
			sourceTree = "<group>";
		};
		84095FA61D5853D400CA6EBC /* LaunchScreen.storyboard */ = {
			isa = PBXVariantGroup;
			children = (
				84095FA71D5853D400CA6EBC /* Base */,
			);
			name = LaunchScreen.storyboard;
			sourceTree = "<group>";
		};
/* End PBXVariantGroup section */

/* Begin XCBuildConfiguration section */
		84095FC01D5853D400CA6EBC /* Debug */ = {
			isa = XCBuildConfiguration;
			buildSettings = {
				ALWAYS_SEARCH_USER_PATHS = NO;
				CLANG_ANALYZER_NONNULL = YES;
				CLANG_CXX_LANGUAGE_STANDARD = "gnu++0x";
				CLANG_CXX_LIBRARY = "libc++";
				CLANG_ENABLE_MODULES = YES;
				CLANG_ENABLE_OBJC_ARC = YES;
				CLANG_WARN_BOOL_CONVERSION = YES;
				CLANG_WARN_CONSTANT_CONVERSION = YES;
				CLANG_WARN_DIRECT_OBJC_ISA_USAGE = YES_ERROR;
				CLANG_WARN_EMPTY_BODY = YES;
				CLANG_WARN_ENUM_CONVERSION = YES;
				CLANG_WARN_INT_CONVERSION = YES;
				CLANG_WARN_OBJC_ROOT_CLASS = YES_ERROR;
				CLANG_WARN_UNREACHABLE_CODE = YES;
				CLANG_WARN__DUPLICATE_METHOD_MATCH = YES;
				"CODE_SIGN_IDENTITY[sdk=iphoneos*]" = "iPhone Developer";
				COPY_PHASE_STRIP = NO;
				DEBUG_INFORMATION_FORMAT = dwarf;
				ENABLE_STRICT_OBJC_MSGSEND = YES;
				ENABLE_TESTABILITY = YES;
				GCC_C_LANGUAGE_STANDARD = gnu99;
				GCC_DYNAMIC_NO_PIC = NO;
				GCC_NO_COMMON_BLOCKS = YES;
				GCC_OPTIMIZATION_LEVEL = 0;
				GCC_PREPROCESSOR_DEFINITIONS = (
					"DEBUG=1",
					"$(inherited)",
				);
				GCC_WARN_64_TO_32_BIT_CONVERSION = YES;
				GCC_WARN_ABOUT_RETURN_TYPE = YES_ERROR;
				GCC_WARN_UNDECLARED_SELECTOR = YES;
				GCC_WARN_UNINITIALIZED_AUTOS = YES_AGGRESSIVE;
				GCC_WARN_UNUSED_FUNCTION = YES;
				GCC_WARN_UNUSED_VARIABLE = YES;
				IPHONEOS_DEPLOYMENT_TARGET = 9.3;
				MTL_ENABLE_DEBUG_INFO = YES;
				ONLY_ACTIVE_ARCH = YES;
				SDKROOT = iphoneos;
			};
			name = Debug;
		};
		84095FC11D5853D400CA6EBC /* Release */ = {
			isa = XCBuildConfiguration;
			buildSettings = {
				ALWAYS_SEARCH_USER_PATHS = NO;
				CLANG_ANALYZER_NONNULL = YES;
				CLANG_CXX_LANGUAGE_STANDARD = "gnu++0x";
				CLANG_CXX_LIBRARY = "libc++";
				CLANG_ENABLE_MODULES = YES;
				CLANG_ENABLE_OBJC_ARC = YES;
				CLANG_WARN_BOOL_CONVERSION = YES;
				CLANG_WARN_CONSTANT_CONVERSION = YES;
				CLANG_WARN_DIRECT_OBJC_ISA_USAGE = YES_ERROR;
				CLANG_WARN_EMPTY_BODY = YES;
				CLANG_WARN_ENUM_CONVERSION = YES;
				CLANG_WARN_INT_CONVERSION = YES;
				CLANG_WARN_OBJC_ROOT_CLASS = YES_ERROR;
				CLANG_WARN_UNREACHABLE_CODE = YES;
				CLANG_WARN__DUPLICATE_METHOD_MATCH = YES;
				"CODE_SIGN_IDENTITY[sdk=iphoneos*]" = "iPhone Developer";
				COPY_PHASE_STRIP = NO;
				DEBUG_INFORMATION_FORMAT = "dwarf-with-dsym";
				ENABLE_NS_ASSERTIONS = NO;
				ENABLE_STRICT_OBJC_MSGSEND = YES;
				GCC_C_LANGUAGE_STANDARD = gnu99;
				GCC_NO_COMMON_BLOCKS = YES;
				GCC_WARN_64_TO_32_BIT_CONVERSION = YES;
				GCC_WARN_ABOUT_RETURN_TYPE = YES_ERROR;
				GCC_WARN_UNDECLARED_SELECTOR = YES;
				GCC_WARN_UNINITIALIZED_AUTOS = YES_AGGRESSIVE;
				GCC_WARN_UNUSED_FUNCTION = YES;
				GCC_WARN_UNUSED_VARIABLE = YES;
				IPHONEOS_DEPLOYMENT_TARGET = 9.3;
				MTL_ENABLE_DEBUG_INFO = NO;
				SDKROOT = iphoneos;
				VALIDATE_PRODUCT = YES;
			};
			name = Release;
		};
		84095FC31D5853D400CA6EBC /* Debug */ = {
			isa = XCBuildConfiguration;
			buildSettings = {
				ASSETCATALOG_COMPILER_APPICON_NAME = AppIcon;
				INFOPLIST_FILE = StickyView_TableView_Demo/Info.plist;
				LD_RUNPATH_SEARCH_PATHS = "$(inherited) @executable_path/Frameworks";
				PRODUCT_BUNDLE_IDENTIFIER = "AlezJI.StickyView-TableView-Demo";
				PRODUCT_NAME = "$(TARGET_NAME)";
			};
			name = Debug;
		};
		84095FC41D5853D400CA6EBC /* Release */ = {
			isa = XCBuildConfiguration;
			buildSettings = {
				ASSETCATALOG_COMPILER_APPICON_NAME = AppIcon;
				INFOPLIST_FILE = StickyView_TableView_Demo/Info.plist;
				LD_RUNPATH_SEARCH_PATHS = "$(inherited) @executable_path/Frameworks";
				PRODUCT_BUNDLE_IDENTIFIER = "AlezJI.StickyView-TableView-Demo";
				PRODUCT_NAME = "$(TARGET_NAME)";
			};
			name = Release;
		};
		84095FC61D5853D400CA6EBC /* Debug */ = {
			isa = XCBuildConfiguration;
			buildSettings = {
				BUNDLE_LOADER = "$(TEST_HOST)";
				INFOPLIST_FILE = StickyView_TableView_DemoTests/Info.plist;
				LD_RUNPATH_SEARCH_PATHS = "$(inherited) @executable_path/Frameworks @loader_path/Frameworks";
				PRODUCT_BUNDLE_IDENTIFIER = "AlezJI.StickyView-TableView-DemoTests";
				PRODUCT_NAME = "$(TARGET_NAME)";
				TEST_HOST = "$(BUILT_PRODUCTS_DIR)/StickyView_TableView_Demo.app/StickyView_TableView_Demo";
			};
			name = Debug;
		};
		84095FC71D5853D400CA6EBC /* Release */ = {
			isa = XCBuildConfiguration;
			buildSettings = {
				BUNDLE_LOADER = "$(TEST_HOST)";
				INFOPLIST_FILE = StickyView_TableView_DemoTests/Info.plist;
				LD_RUNPATH_SEARCH_PATHS = "$(inherited) @executable_path/Frameworks @loader_path/Frameworks";
				PRODUCT_BUNDLE_IDENTIFIER = "AlezJI.StickyView-TableView-DemoTests";
				PRODUCT_NAME = "$(TARGET_NAME)";
				TEST_HOST = "$(BUILT_PRODUCTS_DIR)/StickyView_TableView_Demo.app/StickyView_TableView_Demo";
			};
			name = Release;
		};
		84095FC91D5853D400CA6EBC /* Debug */ = {
			isa = XCBuildConfiguration;
			buildSettings = {
				INFOPLIST_FILE = StickyView_TableView_DemoUITests/Info.plist;
				LD_RUNPATH_SEARCH_PATHS = "$(inherited) @executable_path/Frameworks @loader_path/Frameworks";
				PRODUCT_BUNDLE_IDENTIFIER = "AlezJI.StickyView-TableView-DemoUITests";
				PRODUCT_NAME = "$(TARGET_NAME)";
				TEST_TARGET_NAME = StickyView_TableView_Demo;
			};
			name = Debug;
		};
		84095FCA1D5853D400CA6EBC /* Release */ = {
			isa = XCBuildConfiguration;
			buildSettings = {
				INFOPLIST_FILE = StickyView_TableView_DemoUITests/Info.plist;
				LD_RUNPATH_SEARCH_PATHS = "$(inherited) @executable_path/Frameworks @loader_path/Frameworks";
				PRODUCT_BUNDLE_IDENTIFIER = "AlezJI.StickyView-TableView-DemoUITests";
				PRODUCT_NAME = "$(TARGET_NAME)";
				TEST_TARGET_NAME = StickyView_TableView_Demo;
			};
			name = Release;
		};
/* End XCBuildConfiguration section */

/* Begin XCConfigurationList section */
		84095F901D5853D400CA6EBC /* Build configuration list for PBXProject "StickyView_TableView_Demo" */ = {
			isa = XCConfigurationList;
			buildConfigurations = (
				84095FC01D5853D400CA6EBC /* Debug */,
				84095FC11D5853D400CA6EBC /* Release */,
			);
			defaultConfigurationIsVisible = 0;
			defaultConfigurationName = Release;
		};
		84095FC21D5853D400CA6EBC /* Build configuration list for PBXNativeTarget "StickyView_TableView_Demo" */ = {
			isa = XCConfigurationList;
			buildConfigurations = (
				84095FC31D5853D400CA6EBC /* Debug */,
				84095FC41D5853D400CA6EBC /* Release */,
			);
			defaultConfigurationIsVisible = 0;
		};
		84095FC51D5853D400CA6EBC /* Build configuration list for PBXNativeTarget "StickyView_TableView_DemoTests" */ = {
			isa = XCConfigurationList;
			buildConfigurations = (
				84095FC61D5853D400CA6EBC /* Debug */,
				84095FC71D5853D400CA6EBC /* Release */,
			);
			defaultConfigurationIsVisible = 0;
		};
		84095FC81D5853D400CA6EBC /* Build configuration list for PBXNativeTarget "StickyView_TableView_DemoUITests" */ = {
			isa = XCConfigurationList;
			buildConfigurations = (
				84095FC91D5853D400CA6EBC /* Debug */,
				84095FCA1D5853D400CA6EBC /* Release */,
			);
			defaultConfigurationIsVisible = 0;
		};
/* End XCConfigurationList section */
	};
	rootObject = 84095F8D1D5853D400CA6EBC /* Project object */;
}
